
Microsoft Visual Studio Solution File, Format Version 12.00
# Visual Studio Version 17
VisualStudioVersion = 17.4.33110.190
MinimumVisualStudioVersion = 10.0.40219.1
Project("{FAE04EC0-301F-11D3-BF4B-00C04F79EFBC}") = "Rise.PhoneBook.WebUI", "Rise.PhoneBook.WebUI\Rise.PhoneBook.WebUI.csproj", "{FACC04F5-BD92-4FF8-AFB3-93E728291CF2}"
EndProject
Project("{2150E333-8FDC-42A3-9474-1A3956D46DE8}") = "ApiGroup", "ApiGroup", "{27A64FE6-B6DD-408D-BFDA-7128ADFCD465}"
EndProject
Project("{2150E333-8FDC-42A3-9474-1A3956D46DE8}") = "ApiCore", "ApiCore", "{69BD256A-C579-4F66-B6D0-2DD65A61364C}"
EndProject
Project("{2150E333-8FDC-42A3-9474-1A3956D46DE8}") = "Dba", "Dba", "{0D5F5759-4879-4A44-B40C-2F369848BF28}"
EndProject
Project("{2150E333-8FDC-42A3-9474-1A3956D46DE8}") = "Report", "Report", "{1A3EF919-F666-4568-A113-793CBB668690}"
EndProject
Project("{2150E333-8FDC-42A3-9474-1A3956D46DE8}") = "Test", "Test", "{87328FCB-499D-4865-A526-BE0BD28FDC28}"
EndProject
Project("{FAE04EC0-301F-11D3-BF4B-00C04F79EFBC}") = "Rise.PhoneBook.ApiCore.Core", "ApiGroup\ApiCore\Rise.PhoneBook.ApiCore.Core\Rise.PhoneBook.ApiCore.Core.csproj", "{49DE3A45-ECE4-4961-BCEC-B835A59ABD9A}"
EndProject
Project("{FAE04EC0-301F-11D3-BF4B-00C04F79EFBC}") = "Rise.PhoneBook.DbaApi.WebApi", "ApiGroup\Dba\Rise.PhoneBook.DbaApi.WebApi\Rise.PhoneBook.DbaApi.WebApi.csproj", "{2730523C-D809-4552-B419-9A55E36CCC81}"
EndProject
Project("{FAE04EC0-301F-11D3-BF4B-00C04F79EFBC}") = "Rise.PhoneBook.DbaApi.Entities", "ApiGroup\Dba\Rise.PhoneBook.DbaApi.Entities\Rise.PhoneBook.DbaApi.Entities.csproj", "{BCCD7B0F-DA32-4AE3-9B01-BDD506525F0F}"
EndProject
Project("{FAE04EC0-301F-11D3-BF4B-00C04F79EFBC}") = "Rise.PhoneBook.DbaApi.DataAccess", "ApiGroup\Dba\Rise.PhoneBook.DbaApi.DataAccess\Rise.PhoneBook.DbaApi.DataAccess.csproj", "{59AEC2B2-03FE-4BD3-B7EA-BF0AC47120F2}"
EndProject
Project("{FAE04EC0-301F-11D3-BF4B-00C04F79EFBC}") = "Rise.PhoneBook.DbaApi.Business", "ApiGroup\Dba\Rise.PhoneBook.DbaApi.Business\Rise.PhoneBook.DbaApi.Business.csproj", "{77ADC282-3E89-48DE-AA86-1713D4C66C2A}"
EndProject
Project("{FAE04EC0-301F-11D3-BF4B-00C04F79EFBC}") = "Rise.PhoneBook.ReportApi.WebApi", "ApiGroup\Report\Rise.PhoneBook.ReportApi.WebApi\Rise.PhoneBook.ReportApi.WebApi.csproj", "{992B8E60-BC87-4806-9D23-F0559B740442}"
EndProject
Project("{FAE04EC0-301F-11D3-BF4B-00C04F79EFBC}") = "Rise.PhoneBook.ReportApi.Entities", "ApiGroup\Report\Rise.PhoneBook.ReportApi.Entities\Rise.PhoneBook.ReportApi.Entities.csproj", "{7A5EDBE4-491F-49F3-895D-DCF0894E0F76}"
EndProject
Project("{FAE04EC0-301F-11D3-BF4B-00C04F79EFBC}") = "Rise.PhoneBook.ReportApi.DataAccess", "ApiGroup\Report\Rise.PhoneBook.ReportApi.DataAccess\Rise.PhoneBook.ReportApi.DataAccess.csproj", "{162D0668-EBC8-4CA5-90F0-BA0A6CE68E46}"
EndProject
Project("{FAE04EC0-301F-11D3-BF4B-00C04F79EFBC}") = "Rise.PhoneBook.ReportApi.Business", "ApiGroup\Report\Rise.PhoneBook.ReportApi.Business\Rise.PhoneBook.ReportApi.Business.csproj", "{141C3B22-8DDF-4E6E-BCB4-A72CE21D828A}"
EndProject
Project("{FAE04EC0-301F-11D3-BF4B-00C04F79EFBC}") = "Rise.PhoneBook.DbaApi.TestProject", "Test\Rise.PhoneBook.DbaApi.TestProject\Rise.PhoneBook.DbaApi.TestProject.csproj", "{657E596D-5F79-4428-89AB-318C123C5413}"
EndProject
Project("{FAE04EC0-301F-11D3-BF4B-00C04F79EFBC}") = "Rise.PhoneBook.ReportApi.TestProject", "Test\Rise.PhoneBook.ReportApi.TestProject\Rise.PhoneBook.ReportApi.TestProject.csproj", "{B09EB3D8-C46D-4E3D-9A84-B018E46182C0}"
EndProject
Global
	GlobalSection(SolutionConfigurationPlatforms) = preSolution
		Debug|Any CPU = Debug|Any CPU
		Release|Any CPU = Release|Any CPU
	EndGlobalSection
	GlobalSection(ProjectConfigurationPlatforms) = postSolution
		{FACC04F5-BD92-4FF8-AFB3-93E728291CF2}.Debug|Any CPU.ActiveCfg = Debug|Any CPU
		{FACC04F5-BD92-4FF8-AFB3-93E728291CF2}.Debug|Any CPU.Build.0 = Debug|Any CPU
		{FACC04F5-BD92-4FF8-AFB3-93E728291CF2}.Release|Any CPU.ActiveCfg = Release|Any CPU
		{FACC04F5-BD92-4FF8-AFB3-93E728291CF2}.Release|Any CPU.Build.0 = Release|Any CPU
		{49DE3A45-ECE4-4961-BCEC-B835A59ABD9A}.Debug|Any CPU.ActiveCfg = Debug|Any CPU
		{49DE3A45-ECE4-4961-BCEC-B835A59ABD9A}.Debug|Any CPU.Build.0 = Debug|Any CPU
		{49DE3A45-ECE4-4961-BCEC-B835A59ABD9A}.Release|Any CPU.ActiveCfg = Release|Any CPU
		{49DE3A45-ECE4-4961-BCEC-B835A59ABD9A}.Release|Any CPU.Build.0 = Release|Any CPU
		{2730523C-D809-4552-B419-9A55E36CCC81}.Debug|Any CPU.ActiveCfg = Debug|Any CPU
		{2730523C-D809-4552-B419-9A55E36CCC81}.Debug|Any CPU.Build.0 = Debug|Any CPU
		{2730523C-D809-4552-B419-9A55E36CCC81}.Release|Any CPU.ActiveCfg = Release|Any CPU
		{2730523C-D809-4552-B419-9A55E36CCC81}.Release|Any CPU.Build.0 = Release|Any CPU
		{BCCD7B0F-DA32-4AE3-9B01-BDD506525F0F}.Debug|Any CPU.ActiveCfg = Debug|Any CPU
		{BCCD7B0F-DA32-4AE3-9B01-BDD506525F0F}.Debug|Any CPU.Build.0 = Debug|Any CPU
		{BCCD7B0F-DA32-4AE3-9B01-BDD506525F0F}.Release|Any CPU.ActiveCfg = Release|Any CPU
		{BCCD7B0F-DA32-4AE3-9B01-BDD506525F0F}.Release|Any CPU.Build.0 = Release|Any CPU
		{59AEC2B2-03FE-4BD3-B7EA-BF0AC47120F2}.Debug|Any CPU.ActiveCfg = Debug|Any CPU
		{59AEC2B2-03FE-4BD3-B7EA-BF0AC47120F2}.Debug|Any CPU.Build.0 = Debug|Any CPU
		{59AEC2B2-03FE-4BD3-B7EA-BF0AC47120F2}.Release|Any CPU.ActiveCfg = Release|Any CPU
		{59AEC2B2-03FE-4BD3-B7EA-BF0AC47120F2}.Release|Any CPU.Build.0 = Release|Any CPU
		{77ADC282-3E89-48DE-AA86-1713D4C66C2A}.Debug|Any CPU.ActiveCfg = Debug|Any CPU
		{77ADC282-3E89-48DE-AA86-1713D4C66C2A}.Debug|Any CPU.Build.0 = Debug|Any CPU
		{77ADC282-3E89-48DE-AA86-1713D4C66C2A}.Release|Any CPU.ActiveCfg = Release|Any CPU
		{77ADC282-3E89-48DE-AA86-1713D4C66C2A}.Release|Any CPU.Build.0 = Release|Any CPU
		{992B8E60-BC87-4806-9D23-F0559B740442}.Debug|Any CPU.ActiveCfg = Debug|Any CPU
		{992B8E60-BC87-4806-9D23-F0559B740442}.Debug|Any CPU.Build.0 = Debug|Any CPU
		{992B8E60-BC87-4806-9D23-F0559B740442}.Release|Any CPU.ActiveCfg = Release|Any CPU
		{992B8E60-BC87-4806-9D23-F0559B740442}.Release|Any CPU.Build.0 = Release|Any CPU
		{7A5EDBE4-491F-49F3-895D-DCF0894E0F76}.Debug|Any CPU.ActiveCfg = Debug|Any CPU
		{7A5EDBE4-491F-49F3-895D-DCF0894E0F76}.Debug|Any CPU.Build.0 = Debug|Any CPU
		{7A5EDBE4-491F-49F3-895D-DCF0894E0F76}.Release|Any CPU.ActiveCfg = Release|Any CPU
		{7A5EDBE4-491F-49F3-895D-DCF0894E0F76}.Release|Any CPU.Build.0 = Release|Any CPU
		{162D0668-EBC8-4CA5-90F0-BA0A6CE68E46}.Debug|Any CPU.ActiveCfg = Debug|Any CPU
		{162D0668-EBC8-4CA5-90F0-BA0A6CE68E46}.Debug|Any CPU.Build.0 = Debug|Any CPU
		{162D0668-EBC8-4CA5-90F0-BA0A6CE68E46}.Release|Any CPU.ActiveCfg = Release|Any CPU
		{162D0668-EBC8-4CA5-90F0-BA0A6CE68E46}.Release|Any CPU.Build.0 = Release|Any CPU
		{141C3B22-8DDF-4E6E-BCB4-A72CE21D828A}.Debug|Any CPU.ActiveCfg = Debug|Any CPU
		{141C3B22-8DDF-4E6E-BCB4-A72CE21D828A}.Debug|Any CPU.Build.0 = Debug|Any CPU
		{141C3B22-8DDF-4E6E-BCB4-A72CE21D828A}.Release|Any CPU.ActiveCfg = Release|Any CPU
		{141C3B22-8DDF-4E6E-BCB4-A72CE21D828A}.Release|Any CPU.Build.0 = Release|Any CPU
		{657E596D-5F79-4428-89AB-318C123C5413}.Debug|Any CPU.ActiveCfg = Debug|Any CPU
		{657E596D-5F79-4428-89AB-318C123C5413}.Debug|Any CPU.Build.0 = Debug|Any CPU
		{657E596D-5F79-4428-89AB-318C123C5413}.Release|Any CPU.ActiveCfg = Release|Any CPU
		{657E596D-5F79-4428-89AB-318C123C5413}.Release|Any CPU.Build.0 = Release|Any CPU
		{B09EB3D8-C46D-4E3D-9A84-B018E46182C0}.Debug|Any CPU.ActiveCfg = Debug|Any CPU
		{B09EB3D8-C46D-4E3D-9A84-B018E46182C0}.Debug|Any CPU.Build.0 = Debug|Any CPU
		{B09EB3D8-C46D-4E3D-9A84-B018E46182C0}.Release|Any CPU.ActiveCfg = Release|Any CPU
		{B09EB3D8-C46D-4E3D-9A84-B018E46182C0}.Release|Any CPU.Build.0 = Release|Any CPU
	EndGlobalSection
	GlobalSection(SolutionProperties) = preSolution
		HideSolutionNode = FALSE
	EndGlobalSection
	GlobalSection(NestedProjects) = preSolution
		{69BD256A-C579-4F66-B6D0-2DD65A61364C} = {27A64FE6-B6DD-408D-BFDA-7128ADFCD465}
		{0D5F5759-4879-4A44-B40C-2F369848BF28} = {27A64FE6-B6DD-408D-BFDA-7128ADFCD465}
		{1A3EF919-F666-4568-A113-793CBB668690} = {27A64FE6-B6DD-408D-BFDA-7128ADFCD465}
		{49DE3A45-ECE4-4961-BCEC-B835A59ABD9A} = {69BD256A-C579-4F66-B6D0-2DD65A61364C}
		{2730523C-D809-4552-B419-9A55E36CCC81} = {0D5F5759-4879-4A44-B40C-2F369848BF28}
		{BCCD7B0F-DA32-4AE3-9B01-BDD506525F0F} = {0D5F5759-4879-4A44-B40C-2F369848BF28}
		{59AEC2B2-03FE-4BD3-B7EA-BF0AC47120F2} = {0D5F5759-4879-4A44-B40C-2F369848BF28}
		{77ADC282-3E89-48DE-AA86-1713D4C66C2A} = {0D5F5759-4879-4A44-B40C-2F369848BF28}
		{992B8E60-BC87-4806-9D23-F0559B740442} = {1A3EF919-F666-4568-A113-793CBB668690}
		{7A5EDBE4-491F-49F3-895D-DCF0894E0F76} = {1A3EF919-F666-4568-A113-793CBB668690}
		{162D0668-EBC8-4CA5-90F0-BA0A6CE68E46} = {1A3EF919-F666-4568-A113-793CBB668690}
		{141C3B22-8DDF-4E6E-BCB4-A72CE21D828A} = {1A3EF919-F666-4568-A113-793CBB668690}
		{657E596D-5F79-4428-89AB-318C123C5413} = {87328FCB-499D-4865-A526-BE0BD28FDC28}
		{B09EB3D8-C46D-4E3D-9A84-B018E46182C0} = {87328FCB-499D-4865-A526-BE0BD28FDC28}
	EndGlobalSection
	GlobalSection(ExtensibilityGlobals) = postSolution
		SolutionGuid = {E0217B2C-4EC3-4C23-953F-9F6F71FF8E1C}
	EndGlobalSection
EndGlobal
